{
  "pins" : [
    {
      "identity" : "primefactorization",
      "kind" : "remoteSourceControl",
      "location" : "https://github.com/dndydon/PrimeFactorization.git",
      "state" : {
        "branch" : "main",
        "revision" : "4528acd4ac7659ef600be5053a43abe688008f8c"
      }
    }
  ],
  "version" : 2
}
