{
  "originHash" : "6cf1693679da2bb61b1ceec54c2184f7b67b4c2eda1c52dbd98bfcb48a4fb2c3",
  "pins" : [
    {
      "identity" : "primefactorization",
      "kind" : "remoteSourceControl",
      "location" : "https://github.com/dndydon/PrimeFactorization.git",
      "state" : {
        "branch" : "main",
        "revision" : "4528acd4ac7659ef600be5053a43abe688008f8c"
      }
    },
    {
      "identity" : "steinercirclemodel",
      "kind" : "remoteSourceControl",
      "location" : "https://github.com/dndydon/SteinerCircleModel",
      "state" : {
        "revision" : "0c719af342cce2f4c9c2fb19b332e5d662d7b6cb",
        "version" : "1.0.2"
      }
    }
  ],
  "version" : 3
}
